
Microsoft Visual Studio Solution File, Format Version 12.00
# Visual Studio Version 17
VisualStudioVersion = 17.14.36414.22 d17.14
MinimumVisualStudioVersion = 10.0.40219.1
Project("{FAE04EC0-301F-11D3-BF4B-00C04F79EFBC}") = "praktikum3_Inheritance", "Inheritance_praktikum3\praktikum3_Inheritance.csproj", "{ECBA029E-1D3C-4FF2-8241-21F23618AD1E}"
EndProject
Global
	GlobalSection(SolutionConfigurationPlatforms) = preSolution
		Debug|Any CPU = Debug|Any CPU
		Release|Any CPU = Release|Any CPU
	EndGlobalSection
	GlobalSection(ProjectConfigurationPlatforms) = postSolution
		{ECBA029E-1D3C-4FF2-8241-21F23618AD1E}.Debug|Any CPU.ActiveCfg = Debug|Any CPU
		{ECBA029E-1D3C-4FF2-8241-21F23618AD1E}.Debug|Any CPU.Build.0 = Debug|Any CPU
		{ECBA029E-1D3C-4FF2-8241-21F23618AD1E}.Release|Any CPU.ActiveCfg = Release|Any CPU
		{ECBA029E-1D3C-4FF2-8241-21F23618AD1E}.Release|Any CPU.Build.0 = Release|Any CPU
	EndGlobalSection
	GlobalSection(SolutionProperties) = preSolution
		HideSolutionNode = FALSE
	EndGlobalSection
	GlobalSection(ExtensibilityGlobals) = postSolution
		SolutionGuid = {89AD6678-6B09-4D7B-9443-6C0D7C8D35A3}
	EndGlobalSection
EndGlobal
