
Microsoft Visual Studio Solution File, Format Version 12.00
# Visual Studio Version 17
VisualStudioVersion = 17.14.36414.22
MinimumVisualStudioVersion = 10.0.40219.1
Project("{FAE04EC0-301F-11D3-BF4B-00C04F79EFBC}") = "praktikum6", "Praktikum6\praktikum6.csproj", "{A23BB483-160B-4980-AB13-97ED3A0550E5}"
EndProject
Global
	GlobalSection(SolutionConfigurationPlatforms) = preSolution
		Debug|Any CPU = Debug|Any CPU
		Release|Any CPU = Release|Any CPU
	EndGlobalSection
	GlobalSection(ProjectConfigurationPlatforms) = postSolution
		{A23BB483-160B-4980-AB13-97ED3A0550E5}.Debug|Any CPU.ActiveCfg = Debug|Any CPU
		{A23BB483-160B-4980-AB13-97ED3A0550E5}.Debug|Any CPU.Build.0 = Debug|Any CPU
		{A23BB483-160B-4980-AB13-97ED3A0550E5}.Release|Any CPU.ActiveCfg = Release|Any CPU
		{A23BB483-160B-4980-AB13-97ED3A0550E5}.Release|Any CPU.Build.0 = Release|Any CPU
	EndGlobalSection
	GlobalSection(SolutionProperties) = preSolution
		HideSolutionNode = FALSE
	EndGlobalSection
	GlobalSection(ExtensibilityGlobals) = postSolution
		SolutionGuid = {625913E1-EA80-45F1-9840-70F26694B6EF}
	EndGlobalSection
EndGlobal
